// !$*UTF8*$!
{
	archiveVersion = 1;
	classes = {
	};
	objectVersion = 51;
	objects = {

/* Begin PBXBuildFile section */
		3EABAA7C9F408F073760E69B /* Pods_SportsCasino.framework in Frameworks */ = {isa = PBXBuildFile; fileRef = EDAB180AD9306DBA12C3C622 /* Pods_SportsCasino.framework */; };
		BE08A250230BE77C0087DB6A /* AppDelegate.swift in Sources */ = {isa = PBXBuildFile; fileRef = BE08A24F230BE77C0087DB6A /* AppDelegate.swift */; };
		BE08A252230BE77C0087DB6A /* ViewController.swift in Sources */ = {isa = PBXBuildFile; fileRef = BE08A251230BE77C0087DB6A /* ViewController.swift */; };
		BE08A255230BE77C0087DB6A /* Main.storyboard in Resources */ = {isa = PBXBuildFile; fileRef = BE08A253230BE77C0087DB6A /* Main.storyboard */; };
		BE08A257230BE77F0087DB6A /* Assets.xcassets in Resources */ = {isa = PBXBuildFile; fileRef = BE08A256230BE77F0087DB6A /* Assets.xcassets */; };
		BE08A25A230BE77F0087DB6A /* LaunchScreen.storyboard in Resources */ = {isa = PBXBuildFile; fileRef = BE08A258230BE77F0087DB6A /* LaunchScreen.storyboard */; };
		BE08A262230BE8B60087DB6A /* loginStoryboard.storyboard in Resources */ = {isa = PBXBuildFile; fileRef = BE08A261230BE8B60087DB6A /* loginStoryboard.storyboard */; };
		BE08A264230C06B20087DB6A /* K Gothic in Resources */ = {isa = PBXBuildFile; fileRef = BE08A263230C06B20087DB6A /* K Gothic */; };
		BE08A266230C07A30087DB6A /* Amana in Resources */ = {isa = PBXBuildFile; fileRef = BE08A265230C07A30087DB6A /* Amana */; };
		BECA316F230FCA7700457C7E /* uketoriViewController.swift in Sources */ = {isa = PBXBuildFile; fileRef = BECA316E230FCA7700457C7E /* uketoriViewController.swift */; };
		BECA3171230FCEBD00457C7E /* fuyasuViewController.swift in Sources */ = {isa = PBXBuildFile; fileRef = BECA3170230FCEBD00457C7E /* fuyasuViewController.swift */; };
		BEE00990230E7A2200464B43 /* loginViewController.swift in Sources */ = {isa = PBXBuildFile; fileRef = BEE0098F230E7A2200464B43 /* loginViewController.swift */; };
/* End PBXBuildFile section */

/* Begin PBXFileReference section */
		BD29E24CA7932BBF1E5C80F0 /* Pods-SportsCasino.debug.xcconfig */ = {isa = PBXFileReference; includeInIndex = 1; lastKnownFileType = text.xcconfig; name = "Pods-SportsCasino.debug.xcconfig"; path = "Target Support Files/Pods-SportsCasino/Pods-SportsCasino.debug.xcconfig"; sourceTree = "<group>"; };
		BE08A24C230BE77C0087DB6A /* SportsCasino.app */ = {isa = PBXFileReference; explicitFileType = wrapper.application; includeInIndex = 0; path = SportsCasino.app; sourceTree = BUILT_PRODUCTS_DIR; };
		BE08A24F230BE77C0087DB6A /* AppDelegate.swift */ = {isa = PBXFileReference; lastKnownFileType = sourcecode.swift; path = AppDelegate.swift; sourceTree = "<group>"; };
		BE08A251230BE77C0087DB6A /* ViewController.swift */ = {isa = PBXFileReference; lastKnownFileType = sourcecode.swift; path = ViewController.swift; sourceTree = "<group>"; };
		BE08A254230BE77C0087DB6A /* Base */ = {isa = PBXFileReference; lastKnownFileType = file.storyboard; name = Base; path = Base.lproj/Main.storyboard; sourceTree = "<group>"; };
		BE08A256230BE77F0087DB6A /* Assets.xcassets */ = {isa = PBXFileReference; lastKnownFileType = folder.assetcatalog; path = Assets.xcassets; sourceTree = "<group>"; };
		BE08A259230BE77F0087DB6A /* Base */ = {isa = PBXFileReference; lastKnownFileType = file.storyboard; name = Base; path = Base.lproj/LaunchScreen.storyboard; sourceTree = "<group>"; };
		BE08A25B230BE77F0087DB6A /* Info.plist */ = {isa = PBXFileReference; lastKnownFileType = text.plist.xml; path = Info.plist; sourceTree = "<group>"; };
		BE08A261230BE8B60087DB6A /* loginStoryboard.storyboard */ = {isa = PBXFileReference; lastKnownFileType = file.storyboard; path = loginStoryboard.storyboard; sourceTree = "<group>"; };
		BE08A263230C06B20087DB6A /* K Gothic */ = {isa = PBXFileReference; lastKnownFileType = folder; path = "K Gothic"; sourceTree = "<group>"; };
		BE08A265230C07A30087DB6A /* Amana */ = {isa = PBXFileReference; lastKnownFileType = folder; path = Amana; sourceTree = "<group>"; };
		BECA316E230FCA7700457C7E /* uketoriViewController.swift */ = {isa = PBXFileReference; lastKnownFileType = sourcecode.swift; path = uketoriViewController.swift; sourceTree = "<group>"; };
		BECA3170230FCEBD00457C7E /* fuyasuViewController.swift */ = {isa = PBXFileReference; lastKnownFileType = sourcecode.swift; path = fuyasuViewController.swift; sourceTree = "<group>"; };
		BEE0098F230E7A2200464B43 /* loginViewController.swift */ = {isa = PBXFileReference; lastKnownFileType = sourcecode.swift; path = loginViewController.swift; sourceTree = "<group>"; };
		EDAB180AD9306DBA12C3C622 /* Pods_SportsCasino.framework */ = {isa = PBXFileReference; explicitFileType = wrapper.framework; includeInIndex = 0; path = Pods_SportsCasino.framework; sourceTree = BUILT_PRODUCTS_DIR; };
		FAC1D8E5B6B1C44F8068F47F /* Pods-SportsCasino.release.xcconfig */ = {isa = PBXFileReference; includeInIndex = 1; lastKnownFileType = text.xcconfig; name = "Pods-SportsCasino.release.xcconfig"; path = "Target Support Files/Pods-SportsCasino/Pods-SportsCasino.release.xcconfig"; sourceTree = "<group>"; };
/* End PBXFileReference section */

/* Begin PBXFrameworksBuildPhase section */
		BE08A249230BE77C0087DB6A /* Frameworks */ = {
			isa = PBXFrameworksBuildPhase;
			buildActionMask = 2147483647;
			files = (
				3EABAA7C9F408F073760E69B /* Pods_SportsCasino.framework in Frameworks */,
			);
			runOnlyForDeploymentPostprocessing = 0;
		};
/* End PBXFrameworksBuildPhase section */

/* Begin PBXGroup section */
		0489E5B5BA3A3790B3CF5B03 /* Frameworks */ = {
			isa = PBXGroup;
			children = (
				EDAB180AD9306DBA12C3C622 /* Pods_SportsCasino.framework */,
			);
			name = Frameworks;
			sourceTree = "<group>";
		};
		72765D057C5ECDEC7074B30C /* Pods */ = {
			isa = PBXGroup;
			children = (
				BD29E24CA7932BBF1E5C80F0 /* Pods-SportsCasino.debug.xcconfig */,
				FAC1D8E5B6B1C44F8068F47F /* Pods-SportsCasino.release.xcconfig */,
			);
			path = Pods;
			sourceTree = "<group>";
		};
		BE08A243230BE77C0087DB6A = {
			isa = PBXGroup;
			children = (
				BE08A24E230BE77C0087DB6A /* SportsCasino */,
				BE08A24D230BE77C0087DB6A /* Products */,
				72765D057C5ECDEC7074B30C /* Pods */,
				0489E5B5BA3A3790B3CF5B03 /* Frameworks */,
			);
			sourceTree = "<group>";
		};
		BE08A24D230BE77C0087DB6A /* Products */ = {
			isa = PBXGroup;
			children = (
				BE08A24C230BE77C0087DB6A /* SportsCasino.app */,
			);
			name = Products;
			sourceTree = "<group>";
		};
		BE08A24E230BE77C0087DB6A /* SportsCasino */ = {
			isa = PBXGroup;
			children = (
				BE08A24F230BE77C0087DB6A /* AppDelegate.swift */,
				BE08A251230BE77C0087DB6A /* ViewController.swift */,
				BE08A253230BE77C0087DB6A /* Main.storyboard */,
				BE08A256230BE77F0087DB6A /* Assets.xcassets */,
				BE08A258230BE77F0087DB6A /* LaunchScreen.storyboard */,
				BEE0098F230E7A2200464B43 /* loginViewController.swift */,
				BE08A25B230BE77F0087DB6A /* Info.plist */,
				BE08A265230C07A30087DB6A /* Amana */,
				BE08A263230C06B20087DB6A /* K Gothic */,
				BE08A261230BE8B60087DB6A /* loginStoryboard.storyboard */,
				BECA316E230FCA7700457C7E /* uketoriViewController.swift */,
				BECA3170230FCEBD00457C7E /* fuyasuViewController.swift */,
			);
			path = SportsCasino;
			sourceTree = "<group>";
		};
/* End PBXGroup section */

/* Begin PBXNativeTarget section */
		BE08A24B230BE77C0087DB6A /* SportsCasino */ = {
			isa = PBXNativeTarget;
			buildConfigurationList = BE08A25E230BE77F0087DB6A /* Build configuration list for PBXNativeTarget "SportsCasino" */;
			buildPhases = (
				B9BBCCC447876942D7EEDDDC /* [CP] Check Pods Manifest.lock */,
				BE08A248230BE77C0087DB6A /* Sources */,
				BE08A249230BE77C0087DB6A /* Frameworks */,
				BE08A24A230BE77C0087DB6A /* Resources */,
				CFED74B891332F74731ABD00 /* [CP] Embed Pods Frameworks */,
			);
			buildRules = (
			);
			dependencies = (
			);
			name = SportsCasino;
			productName = SportsCasino;
			productReference = BE08A24C230BE77C0087DB6A /* SportsCasino.app */;
			productType = "com.apple.product-type.application";
		};
/* End PBXNativeTarget section */

/* Begin PBXProject section */
		BE08A244230BE77C0087DB6A /* Project object */ = {
			isa = PBXProject;
			attributes = {
				LastSwiftUpdateCheck = 1020;
				LastUpgradeCheck = 1020;
				ORGANIZATIONNAME = yurityann;
				TargetAttributes = {
					BE08A24B230BE77C0087DB6A = {
						CreatedOnToolsVersion = 10.2.1;
					};
				};
			};
			buildConfigurationList = BE08A247230BE77C0087DB6A /* Build configuration list for PBXProject "SportsCasino" */;
			compatibilityVersion = "Xcode 9.3";
			developmentRegion = en;
			hasScannedForEncodings = 0;
			knownRegions = (
				en,
				Base,
			);
			mainGroup = BE08A243230BE77C0087DB6A;
			productRefGroup = BE08A24D230BE77C0087DB6A /* Products */;
			projectDirPath = "";
			projectRoot = "";
			targets = (
				BE08A24B230BE77C0087DB6A /* SportsCasino */,
			);
		};
/* End PBXProject section */

/* Begin PBXResourcesBuildPhase section */
		BE08A24A230BE77C0087DB6A /* Resources */ = {
			isa = PBXResourcesBuildPhase;
			buildActionMask = 2147483647;
			files = (
				BE08A264230C06B20087DB6A /* K Gothic in Resources */,
				BE08A25A230BE77F0087DB6A /* LaunchScreen.storyboard in Resources */,
				BE08A257230BE77F0087DB6A /* Assets.xcassets in Resources */,
				BE08A266230C07A30087DB6A /* Amana in Resources */,
				BE08A255230BE77C0087DB6A /* Main.storyboard in Resources */,
				BE08A262230BE8B60087DB6A /* loginStoryboard.storyboard in Resources */,
			);
			runOnlyForDeploymentPostprocessing = 0;
		};
/* End PBXResourcesBuildPhase section */

/* Begin PBXShellScriptBuildPhase section */
		B9BBCCC447876942D7EEDDDC /* [CP] Check Pods Manifest.lock */ = {
			isa = PBXShellScriptBuildPhase;
			buildActionMask = 2147483647;
			files = (
			);
			inputFileListPaths = (
			);
			inputPaths = (
				"${PODS_PODFILE_DIR_PATH}/Podfile.lock",
				"${PODS_ROOT}/Manifest.lock",
			);
			name = "[CP] Check Pods Manifest.lock";
			outputFileListPaths = (
			);
			outputPaths = (
				"$(DERIVED_FILE_DIR)/Pods-SportsCasino-checkManifestLockResult.txt",
			);
			runOnlyForDeploymentPostprocessing = 0;
			shellPath = /bin/sh;
			shellScript = "diff \"${PODS_PODFILE_DIR_PATH}/Podfile.lock\" \"${PODS_ROOT}/Manifest.lock\" > /dev/null\nif [ $? != 0 ] ; then\n    # print error to STDERR\n    echo \"error: The sandbox is not in sync with the Podfile.lock. Run 'pod install' or update your CocoaPods installation.\" >&2\n    exit 1\nfi\n# This output is used by Xcode 'outputs' to avoid re-running this script phase.\necho \"SUCCESS\" > \"${SCRIPT_OUTPUT_FILE_0}\"\n";
			showEnvVarsInLog = 0;
		};
		CFED74B891332F74731ABD00 /* [CP] Embed Pods Frameworks */ = {
			isa = PBXShellScriptBuildPhase;
			buildActionMask = 2147483647;
			files = (
			);
			inputFileListPaths = (
				"${PODS_ROOT}/Target Support Files/Pods-SportsCasino/Pods-SportsCasino-frameworks-${CONFIGURATION}-input-files.xcfilelist",
			);
			name = "[CP] Embed Pods Frameworks";
			outputFileListPaths = (
				"${PODS_ROOT}/Target Support Files/Pods-SportsCasino/Pods-SportsCasino-frameworks-${CONFIGURATION}-output-files.xcfilelist",
			);
			runOnlyForDeploymentPostprocessing = 0;
			shellPath = /bin/sh;
			shellScript = "\"${PODS_ROOT}/Target Support Files/Pods-SportsCasino/Pods-SportsCasino-frameworks.sh\"\n";
			showEnvVarsInLog = 0;
		};
/* End PBXShellScriptBuildPhase section */

/* Begin PBXSourcesBuildPhase section */
		BE08A248230BE77C0087DB6A /* Sources */ = {
			isa = PBXSourcesBuildPhase;
			buildActionMask = 2147483647;
			files = (
				BECA316F230FCA7700457C7E /* uketoriViewController.swift in Sources */,
				BECA3171230FCEBD00457C7E /* fuyasuViewController.swift in Sources */,
				BE08A252230BE77C0087DB6A /* ViewController.swift in Sources */,
				BE08A250230BE77C0087DB6A /* AppDelegate.swift in Sources */,
				BEE00990230E7A2200464B43 /* loginViewController.swift in Sources */,
			);
			runOnlyForDeploymentPostprocessing = 0;
		};
/* End PBXSourcesBuildPhase section */

/* Begin PBXVariantGroup section */
		BE08A253230BE77C0087DB6A /* Main.storyboard */ = {
			isa = PBXVariantGroup;
			children = (
				BE08A254230BE77C0087DB6A /* Base */,
			);
			name = Main.storyboard;
			sourceTree = "<group>";
		};
		BE08A258230BE77F0087DB6A /* LaunchScreen.storyboard */ = {
			isa = PBXVariantGroup;
			children = (
				BE08A259230BE77F0087DB6A /* Base */,
			);
			name = LaunchScreen.storyboard;
			sourceTree = "<group>";
		};
/* End PBXVariantGroup section */

/* Begin XCBuildConfiguration section */
		BE08A25C230BE77F0087DB6A /* Debug */ = {
			isa = XCBuildConfiguration;
			buildSettings = {
				ALWAYS_SEARCH_USER_PATHS = NO;
				CLANG_ANALYZER_NONNULL = YES;
				CLANG_ANALYZER_NUMBER_OBJECT_CONVERSION = YES_AGGRESSIVE;
				CLANG_CXX_LANGUAGE_STANDARD = "gnu++14";
				CLANG_CXX_LIBRARY = "libc++";
				CLANG_ENABLE_MODULES = YES;
				CLANG_ENABLE_OBJC_ARC = YES;
				CLANG_ENABLE_OBJC_WEAK = YES;
				CLANG_WARN_BLOCK_CAPTURE_AUTORELEASING = YES;
				CLANG_WARN_BOOL_CONVERSION = YES;
				CLANG_WARN_COMMA = YES;
				CLANG_WARN_CONSTANT_CONVERSION = YES;
				CLANG_WARN_DEPRECATED_OBJC_IMPLEMENTATIONS = YES;
				CLANG_WARN_DIRECT_OBJC_ISA_USAGE = YES_ERROR;
				CLANG_WARN_DOCUMENTATION_COMMENTS = YES;
				CLANG_WARN_EMPTY_BODY = YES;
				CLANG_WARN_ENUM_CONVERSION = YES;
				CLANG_WARN_INFINITE_RECURSION = YES;
				CLANG_WARN_INT_CONVERSION = YES;
				CLANG_WARN_NON_LITERAL_NULL_CONVERSION = YES;
				CLANG_WARN_OBJC_IMPLICIT_RETAIN_SELF = YES;
				CLANG_WARN_OBJC_LITERAL_CONVERSION = YES;
				CLANG_WARN_OBJC_ROOT_CLASS = YES_ERROR;
				CLANG_WARN_RANGE_LOOP_ANALYSIS = YES;
				CLANG_WARN_STRICT_PROTOTYPES = YES;
				CLANG_WARN_SUSPICIOUS_MOVE = YES;
				CLANG_WARN_UNGUARDED_AVAILABILITY = YES_AGGRESSIVE;
				CLANG_WARN_UNREACHABLE_CODE = YES;
				CLANG_WARN__DUPLICATE_METHOD_MATCH = YES;
				CODE_SIGN_IDENTITY = "iPhone Developer";
				COPY_PHASE_STRIP = NO;
				DEBUG_INFORMATION_FORMAT = dwarf;
				ENABLE_STRICT_OBJC_MSGSEND = YES;
				ENABLE_TESTABILITY = YES;
				GCC_C_LANGUAGE_STANDARD = gnu11;
				GCC_DYNAMIC_NO_PIC = NO;
				GCC_NO_COMMON_BLOCKS = YES;
				GCC_OPTIMIZATION_LEVEL = 0;
				GCC_PREPROCESSOR_DEFINITIONS = (
					"DEBUG=1",
					"$(inherited)",
				);
				GCC_WARN_64_TO_32_BIT_CONVERSION = YES;
				GCC_WARN_ABOUT_RETURN_TYPE = YES_ERROR;
				GCC_WARN_UNDECLARED_SELECTOR = YES;
				GCC_WARN_UNINITIALIZED_AUTOS = YES_AGGRESSIVE;
				GCC_WARN_UNUSED_FUNCTION = YES;
				GCC_WARN_UNUSED_VARIABLE = YES;
				IPHONEOS_DEPLOYMENT_TARGET = 12.2;
				MTL_ENABLE_DEBUG_INFO = INCLUDE_SOURCE;
				MTL_FAST_MATH = YES;
				ONLY_ACTIVE_ARCH = YES;
				SDKROOT = iphoneos;
				SWIFT_ACTIVE_COMPILATION_CONDITIONS = DEBUG;
				SWIFT_OPTIMIZATION_LEVEL = "-Onone";
			};
			name = Debug;
		};
		BE08A25D230BE77F0087DB6A /* Release */ = {
			isa = XCBuildConfiguration;
			buildSettings = {
				ALWAYS_SEARCH_USER_PATHS = NO;
				CLANG_ANALYZER_NONNULL = YES;
				CLANG_ANALYZER_NUMBER_OBJECT_CONVERSION = YES_AGGRESSIVE;
				CLANG_CXX_LANGUAGE_STANDARD = "gnu++14";
				CLANG_CXX_LIBRARY = "libc++";
				CLANG_ENABLE_MODULES = YES;
				CLANG_ENABLE_OBJC_ARC = YES;
				CLANG_ENABLE_OBJC_WEAK = YES;
				CLANG_WARN_BLOCK_CAPTURE_AUTORELEASING = YES;
				CLANG_WARN_BOOL_CONVERSION = YES;
				CLANG_WARN_COMMA = YES;
				CLANG_WARN_CONSTANT_CONVERSION = YES;
				CLANG_WARN_DEPRECATED_OBJC_IMPLEMENTATIONS = YES;
				CLANG_WARN_DIRECT_OBJC_ISA_USAGE = YES_ERROR;
				CLANG_WARN_DOCUMENTATION_COMMENTS = YES;
				CLANG_WARN_EMPTY_BODY = YES;
				CLANG_WARN_ENUM_CONVERSION = YES;
				CLANG_WARN_INFINITE_RECURSION = YES;
				CLANG_WARN_INT_CONVERSION = YES;
				CLANG_WARN_NON_LITERAL_NULL_CONVERSION = YES;
				CLANG_WARN_OBJC_IMPLICIT_RETAIN_SELF = YES;
				CLANG_WARN_OBJC_LITERAL_CONVERSION = YES;
				CLANG_WARN_OBJC_ROOT_CLASS = YES_ERROR;
				CLANG_WARN_RANGE_LOOP_ANALYSIS = YES;
				CLANG_WARN_STRICT_PROTOTYPES = YES;
				CLANG_WARN_SUSPICIOUS_MOVE = YES;
				CLANG_WARN_UNGUARDED_AVAILABILITY = YES_AGGRESSIVE;
				CLANG_WARN_UNREACHABLE_CODE = YES;
				CLANG_WARN__DUPLICATE_METHOD_MATCH = YES;
				CODE_SIGN_IDENTITY = "iPhone Developer";
				COPY_PHASE_STRIP = NO;
				DEBUG_INFORMATION_FORMAT = "dwarf-with-dsym";
				ENABLE_NS_ASSERTIONS = NO;
				ENABLE_STRICT_OBJC_MSGSEND = YES;
				GCC_C_LANGUAGE_STANDARD = gnu11;
				GCC_NO_COMMON_BLOCKS = YES;
				GCC_WARN_64_TO_32_BIT_CONVERSION = YES;
				GCC_WARN_ABOUT_RETURN_TYPE = YES_ERROR;
				GCC_WARN_UNDECLARED_SELECTOR = YES;
				GCC_WARN_UNINITIALIZED_AUTOS = YES_AGGRESSIVE;
				GCC_WARN_UNUSED_FUNCTION = YES;
				GCC_WARN_UNUSED_VARIABLE = YES;
				IPHONEOS_DEPLOYMENT_TARGET = 12.2;
				MTL_ENABLE_DEBUG_INFO = NO;
				MTL_FAST_MATH = YES;
				SDKROOT = iphoneos;
				SWIFT_COMPILATION_MODE = wholemodule;
				SWIFT_OPTIMIZATION_LEVEL = "-O";
				VALIDATE_PRODUCT = YES;
			};
			name = Release;
		};
		BE08A25F230BE77F0087DB6A /* Debug */ = {
			isa = XCBuildConfiguration;
			baseConfigurationReference = BD29E24CA7932BBF1E5C80F0 /* Pods-SportsCasino.debug.xcconfig */;
			buildSettings = {
				ASSETCATALOG_COMPILER_APPICON_NAME = AppIcon;
				CODE_SIGN_STYLE = Automatic;
				INFOPLIST_FILE = SportsCasino/Info.plist;
				LD_RUNPATH_SEARCH_PATHS = (
					"$(inherited)",
					"@executable_path/Frameworks",
				);
				PRODUCT_BUNDLE_IDENTIFIER = yurityann.SportsCasino;
				PRODUCT_NAME = "$(TARGET_NAME)";
				SWIFT_VERSION = 5.0;
				TARGETED_DEVICE_FAMILY = "1,2";
			};
			name = Debug;
		};
		BE08A260230BE77F0087DB6A /* Release */ = {
			isa = XCBuildConfiguration;
			baseConfigurationReference = FAC1D8E5B6B1C44F8068F47F /* Pods-SportsCasino.release.xcconfig */;
			buildSettings = {
				ASSETCATALOG_COMPILER_APPICON_NAME = AppIcon;
				CODE_SIGN_STYLE = Automatic;
				INFOPLIST_FILE = SportsCasino/Info.plist;
				LD_RUNPATH_SEARCH_PATHS = (
					"$(inherited)",
					"@executable_path/Frameworks",
				);
				PRODUCT_BUNDLE_IDENTIFIER = yurityann.SportsCasino;
				PRODUCT_NAME = "$(TARGET_NAME)";
				SWIFT_VERSION = 5.0;
				TARGETED_DEVICE_FAMILY = "1,2";
			};
			name = Release;
		};
/* End XCBuildConfiguration section */

/* Begin XCConfigurationList section */
		BE08A247230BE77C0087DB6A /* Build configuration list for PBXProject "SportsCasino" */ = {
			isa = XCConfigurationList;
			buildConfigurations = (
				BE08A25C230BE77F0087DB6A /* Debug */,
				BE08A25D230BE77F0087DB6A /* Release */,
			);
			defaultConfigurationIsVisible = 0;
			defaultConfigurationName = Release;
		};
		BE08A25E230BE77F0087DB6A /* Build configuration list for PBXNativeTarget "SportsCasino" */ = {
			isa = XCConfigurationList;
			buildConfigurations = (
				BE08A25F230BE77F0087DB6A /* Debug */,
				BE08A260230BE77F0087DB6A /* Release */,
			);
			defaultConfigurationIsVisible = 0;
			defaultConfigurationName = Release;
		};
/* End XCConfigurationList section */
	};
	rootObject = BE08A244230BE77C0087DB6A /* Project object */;
}
